// !$*UTF8*$!
{
	archiveVersion = 1;
	classes = {
	};
	objectVersion = 50;
	objects = {

/* Begin PBXBuildFile section */
		8904087223268EA50030FDC6 /* BianaryInteger+extensions.swift in Sources */ = {isa = PBXBuildFile; fileRef = 8904087123268EA50030FDC6 /* BianaryInteger+extensions.swift */; };
		89040874232692D20030FDC6 /* String+extensions.swift in Sources */ = {isa = PBXBuildFile; fileRef = 89040873232692D20030FDC6 /* String+extensions.swift */; };
		8904087623291C880030FDC6 /* Array+extensions.swift in Sources */ = {isa = PBXBuildFile; fileRef = 8904087523291C880030FDC6 /* Array+extensions.swift */; };
		8905824223213ECC004E26BA /* HelpScreenModel.swift in Sources */ = {isa = PBXBuildFile; fileRef = 8905824123213ECC004E26BA /* HelpScreenModel.swift */; };
		8905825923225A3B004E26BA /* CustomTable.swift in Sources */ = {isa = PBXBuildFile; fileRef = 8905825823225A3B004E26BA /* CustomTable.swift */; };
		8905825D23225B42004E26BA /* CustomTableCell.swift in Sources */ = {isa = PBXBuildFile; fileRef = 8905825B23225B42004E26BA /* CustomTableCell.swift */; };
		8905825E23225B42004E26BA /* CustomTableCell.xib in Resources */ = {isa = PBXBuildFile; fileRef = 8905825C23225B42004E26BA /* CustomTableCell.xib */; };
		890DAA712319364F005737A5 /* UIViewController+extensions.swift in Sources */ = {isa = PBXBuildFile; fileRef = 890DAA702319364F005737A5 /* UIViewController+extensions.swift */; };
		890DAA7A23193A58005737A5 /* HelpScreen.storyboard in Resources */ = {isa = PBXBuildFile; fileRef = 890DAA7923193A58005737A5 /* HelpScreen.storyboard */; };
		890DAA7D23193A84005737A5 /* HelpScreenViewController.swift in Sources */ = {isa = PBXBuildFile; fileRef = 890DAA7B23193A84005737A5 /* HelpScreenViewController.swift */; };
		890DAA8023193CFF005737A5 /* CascadingTable.swift in Sources */ = {isa = PBXBuildFile; fileRef = 890DAA7F23193CFF005737A5 /* CascadingTable.swift */; };
		890DAA8323193DE7005737A5 /* CascadingTableHeader.swift in Sources */ = {isa = PBXBuildFile; fileRef = 890DAA8223193DE7005737A5 /* CascadingTableHeader.swift */; };
		890DAA8523193DF2005737A5 /* CascadingTableHeader.xib in Resources */ = {isa = PBXBuildFile; fileRef = 890DAA8423193DF2005737A5 /* CascadingTableHeader.xib */; };
		890DAA872319419C005737A5 /* UITableView+extensions.swift in Sources */ = {isa = PBXBuildFile; fileRef = 890DAA862319419C005737A5 /* UITableView+extensions.swift */; };
		890DAA8923194238005737A5 /* HelpScreenFlowController.swift in Sources */ = {isa = PBXBuildFile; fileRef = 890DAA8823194238005737A5 /* HelpScreenFlowController.swift */; };
		890DAA8B231942D3005737A5 /* HelpScreenViewModel.swift in Sources */ = {isa = PBXBuildFile; fileRef = 890DAA8A231942D3005737A5 /* HelpScreenViewModel.swift */; };
		890DAA8D2319439B005737A5 /* HelpScreenFactory.swift in Sources */ = {isa = PBXBuildFile; fileRef = 890DAA8C2319439B005737A5 /* HelpScreenFactory.swift */; };
		890EC4FB230742EF0069C215 /* NumberPad.xib in Resources */ = {isa = PBXBuildFile; fileRef = 890EC4FA230742EF0069C215 /* NumberPad.xib */; };
		890EC509230759470069C215 /* NumberButton.xib in Resources */ = {isa = PBXBuildFile; fileRef = 890EC508230759470069C215 /* NumberButton.xib */; };
		890EC50D230759B60069C215 /* NumberButton.swift in Sources */ = {isa = PBXBuildFile; fileRef = 890EC50C230759B60069C215 /* NumberButton.swift */; };
		890EC50F231816EE0069C215 /* UITextFields+extensions.swift in Sources */ = {isa = PBXBuildFile; fileRef = 890EC50E231816EE0069C215 /* UITextFields+extensions.swift */; };
		892E7C6F233A2967005321F8 /* SubtractionsHelp+extensions.swift in Sources */ = {isa = PBXBuildFile; fileRef = 892E7C6E233A2967005321F8 /* SubtractionsHelp+extensions.swift */; };
		892E7C71233A455D005321F8 /* AdditionsHelpModel.swift in Sources */ = {isa = PBXBuildFile; fileRef = 892E7C70233A455D005321F8 /* AdditionsHelpModel.swift */; };
		892E7C73233A466B005321F8 /* AdditionsHelp+extensions.swift in Sources */ = {isa = PBXBuildFile; fileRef = 892E7C72233A466B005321F8 /* AdditionsHelp+extensions.swift */; };
		893607D82331628A003CA353 /* CustomCollectionView.swift in Sources */ = {isa = PBXBuildFile; fileRef = 893607D72331628A003CA353 /* CustomCollectionView.swift */; };
		893607DC233229D4003CA353 /* CustomCollectionViewCell.swift in Sources */ = {isa = PBXBuildFile; fileRef = 893607DA233229D4003CA353 /* CustomCollectionViewCell.swift */; };
		893607DD233229D4003CA353 /* CustomCollectionViewCell.xib in Resources */ = {isa = PBXBuildFile; fileRef = 893607DB233229D4003CA353 /* CustomCollectionViewCell.xib */; };
		895B542D22FDF8E700CFF65E /* AppDelegate.swift in Sources */ = {isa = PBXBuildFile; fileRef = 895B542C22FDF8E700CFF65E /* AppDelegate.swift */; };
		895B542F22FDF8E700CFF65E /* ViewController.swift in Sources */ = {isa = PBXBuildFile; fileRef = 895B542E22FDF8E700CFF65E /* ViewController.swift */; };
		895B543222FDF8E700CFF65E /* Main.storyboard in Resources */ = {isa = PBXBuildFile; fileRef = 895B543022FDF8E700CFF65E /* Main.storyboard */; };
		895B543522FDF8E700CFF65E /* Maths_Genius.xcdatamodeld in Sources */ = {isa = PBXBuildFile; fileRef = 895B543322FDF8E700CFF65E /* Maths_Genius.xcdatamodeld */; };
		895B543722FDF8E900CFF65E /* Assets.xcassets in Resources */ = {isa = PBXBuildFile; fileRef = 895B543622FDF8E900CFF65E /* Assets.xcassets */; };
		895B543A22FDF8E900CFF65E /* LaunchScreen.storyboard in Resources */ = {isa = PBXBuildFile; fileRef = 895B543822FDF8E900CFF65E /* LaunchScreen.storyboard */; };
		895B546922FDFC1400CFF65E /* UIColor+extensions.swift in Sources */ = {isa = PBXBuildFile; fileRef = 895B546822FDFC1400CFF65E /* UIColor+extensions.swift */; };
		895B546B22FDFE5300CFF65E /* MainFlowController.swift in Sources */ = {isa = PBXBuildFile; fileRef = 895B546A22FDFE5300CFF65E /* MainFlowController.swift */; };
		895B546D22FDFE6A00CFF65E /* MainFactory.swift in Sources */ = {isa = PBXBuildFile; fileRef = 895B546C22FDFE6A00CFF65E /* MainFactory.swift */; };
		895B547322FDFF9200CFF65E /* NumberSelectionFlowController.swift in Sources */ = {isa = PBXBuildFile; fileRef = 895B547222FDFF9200CFF65E /* NumberSelectionFlowController.swift */; };
		895B547522FDFFBA00CFF65E /* NumberSelectionFactory.swift in Sources */ = {isa = PBXBuildFile; fileRef = 895B547422FDFFBA00CFF65E /* NumberSelectionFactory.swift */; };
		895B547922FE022500CFF65E /* IntroductionTable.swift in Sources */ = {isa = PBXBuildFile; fileRef = 895B547822FE022500CFF65E /* IntroductionTable.swift */; };
		895B548522FE07DB00CFF65E /* IntroductionCell.swift in Sources */ = {isa = PBXBuildFile; fileRef = 895B548322FE07DB00CFF65E /* IntroductionCell.swift */; };
		895B548622FE07DB00CFF65E /* IntroductionCell.xib in Resources */ = {isa = PBXBuildFile; fileRef = 895B548422FE07DB00CFF65E /* IntroductionCell.xib */; };
		895B548822FE0A0400CFF65E /* MainModel.swift in Sources */ = {isa = PBXBuildFile; fileRef = 895B548722FE0A0400CFF65E /* MainModel.swift */; };
		895B548A22FE191800CFF65E /* UIButton+extensions.swift in Sources */ = {isa = PBXBuildFile; fileRef = 895B548922FE191800CFF65E /* UIButton+extensions.swift */; };
		895B548C22FE198200CFF65E /* UIView+extensions.swift in Sources */ = {isa = PBXBuildFile; fileRef = 895B548B22FE198200CFF65E /* UIView+extensions.swift */; };
		895B549022FE222800CFF65E /* NumberSelection.storyboard in Resources */ = {isa = PBXBuildFile; fileRef = 895B548F22FE222800CFF65E /* NumberSelection.storyboard */; };
		895B549222FE223600CFF65E /* NumberSelectionViewController.swift in Sources */ = {isa = PBXBuildFile; fileRef = 895B549122FE223600CFF65E /* NumberSelectionViewController.swift */; };
		895B549C2300B21400CFF65E /* NumberSelectionModel.swift in Sources */ = {isa = PBXBuildFile; fileRef = 895B549B2300B21400CFF65E /* NumberSelectionModel.swift */; };
		895B549E2300B22600CFF65E /* NumberSelectionViewModel.swift in Sources */ = {isa = PBXBuildFile; fileRef = 895B549D2300B22600CFF65E /* NumberSelectionViewModel.swift */; };
		895B54A42300BCB100CFF65E /* UILabels+extensions.swift in Sources */ = {isa = PBXBuildFile; fileRef = 895B54A32300BCB100CFF65E /* UILabels+extensions.swift */; };
		896B167C23350F38002DF739 /* EquationViewModel.swift in Sources */ = {isa = PBXBuildFile; fileRef = 896B167B23350F38002DF739 /* EquationViewModel.swift */; };
		896B167E23350F55002DF739 /* Equation.storyboard in Resources */ = {isa = PBXBuildFile; fileRef = 896B167D23350F55002DF739 /* Equation.storyboard */; };
		896B168023350F6D002DF739 /* EquationViewController.swift in Sources */ = {isa = PBXBuildFile; fileRef = 896B167F23350F6D002DF739 /* EquationViewController.swift */; };
		896B168223350F7D002DF739 /* EquationFlowController.swift in Sources */ = {isa = PBXBuildFile; fileRef = 896B168123350F7D002DF739 /* EquationFlowController.swift */; };
		896B168423350F89002DF739 /* EquationFactory.swift in Sources */ = {isa = PBXBuildFile; fileRef = 896B168323350F89002DF739 /* EquationFactory.swift */; };
		896B168C233516CD002DF739 /* EquationHelpModel.swift in Sources */ = {isa = PBXBuildFile; fileRef = 896B168B233516CD002DF739 /* EquationHelpModel.swift */; };
		896B168E233516E5002DF739 /* EquationHelpViewModel.swift in Sources */ = {isa = PBXBuildFile; fileRef = 896B168D233516E5002DF739 /* EquationHelpViewModel.swift */; };
		896B169023351707002DF739 /* EquationHelp.storyboard in Resources */ = {isa = PBXBuildFile; fileRef = 896B168F23351707002DF739 /* EquationHelp.storyboard */; };
		896B169223351728002DF739 /* EquationHelpViewController.swift in Sources */ = {isa = PBXBuildFile; fileRef = 896B169123351728002DF739 /* EquationHelpViewController.swift */; };
		896B169423351743002DF739 /* EquationHelpFlowController.swift in Sources */ = {isa = PBXBuildFile; fileRef = 896B169323351743002DF739 /* EquationHelpFlowController.swift */; };
		896B16962335175F002DF739 /* EquationHelpFactory.swift in Sources */ = {isa = PBXBuildFile; fileRef = 896B16952335175F002DF739 /* EquationHelpFactory.swift */; };
/* End PBXBuildFile section */

/* Begin PBXFileReference section */
		8904087123268EA50030FDC6 /* BianaryInteger+extensions.swift */ = {isa = PBXFileReference; lastKnownFileType = sourcecode.swift; path = "BianaryInteger+extensions.swift"; sourceTree = "<group>"; };
		89040873232692D20030FDC6 /* String+extensions.swift */ = {isa = PBXFileReference; lastKnownFileType = sourcecode.swift; path = "String+extensions.swift"; sourceTree = "<group>"; };
		8904087523291C880030FDC6 /* Array+extensions.swift */ = {isa = PBXFileReference; lastKnownFileType = sourcecode.swift; path = "Array+extensions.swift"; sourceTree = "<group>"; };
		8905824123213ECC004E26BA /* HelpScreenModel.swift */ = {isa = PBXFileReference; lastKnownFileType = sourcecode.swift; path = HelpScreenModel.swift; sourceTree = "<group>"; };
		8905825823225A3B004E26BA /* CustomTable.swift */ = {isa = PBXFileReference; lastKnownFileType = sourcecode.swift; path = CustomTable.swift; sourceTree = "<group>"; };
		8905825B23225B42004E26BA /* CustomTableCell.swift */ = {isa = PBXFileReference; lastKnownFileType = sourcecode.swift; path = CustomTableCell.swift; sourceTree = "<group>"; };
		8905825C23225B42004E26BA /* CustomTableCell.xib */ = {isa = PBXFileReference; lastKnownFileType = file.xib; path = CustomTableCell.xib; sourceTree = "<group>"; };
		890DAA702319364F005737A5 /* UIViewController+extensions.swift */ = {isa = PBXFileReference; lastKnownFileType = sourcecode.swift; path = "UIViewController+extensions.swift"; sourceTree = "<group>"; };
		890DAA7923193A58005737A5 /* HelpScreen.storyboard */ = {isa = PBXFileReference; lastKnownFileType = file.storyboard; path = HelpScreen.storyboard; sourceTree = "<group>"; };
		890DAA7B23193A84005737A5 /* HelpScreenViewController.swift */ = {isa = PBXFileReference; lastKnownFileType = sourcecode.swift; path = HelpScreenViewController.swift; sourceTree = "<group>"; };
		890DAA7F23193CFF005737A5 /* CascadingTable.swift */ = {isa = PBXFileReference; lastKnownFileType = sourcecode.swift; path = CascadingTable.swift; sourceTree = "<group>"; };
		890DAA8223193DE7005737A5 /* CascadingTableHeader.swift */ = {isa = PBXFileReference; lastKnownFileType = sourcecode.swift; path = CascadingTableHeader.swift; sourceTree = "<group>"; };
		890DAA8423193DF2005737A5 /* CascadingTableHeader.xib */ = {isa = PBXFileReference; lastKnownFileType = file.xib; path = CascadingTableHeader.xib; sourceTree = "<group>"; };
		890DAA862319419C005737A5 /* UITableView+extensions.swift */ = {isa = PBXFileReference; lastKnownFileType = sourcecode.swift; path = "UITableView+extensions.swift"; sourceTree = "<group>"; };
		890DAA8823194238005737A5 /* HelpScreenFlowController.swift */ = {isa = PBXFileReference; lastKnownFileType = sourcecode.swift; path = HelpScreenFlowController.swift; sourceTree = "<group>"; };
		890DAA8A231942D3005737A5 /* HelpScreenViewModel.swift */ = {isa = PBXFileReference; lastKnownFileType = sourcecode.swift; path = HelpScreenViewModel.swift; sourceTree = "<group>"; };
		890DAA8C2319439B005737A5 /* HelpScreenFactory.swift */ = {isa = PBXFileReference; lastKnownFileType = sourcecode.swift; path = HelpScreenFactory.swift; sourceTree = "<group>"; };
		890EC4FA230742EF0069C215 /* NumberPad.xib */ = {isa = PBXFileReference; lastKnownFileType = file.xib; path = NumberPad.xib; sourceTree = "<group>"; };
		890EC508230759470069C215 /* NumberButton.xib */ = {isa = PBXFileReference; lastKnownFileType = file.xib; path = NumberButton.xib; sourceTree = "<group>"; };
		890EC50C230759B60069C215 /* NumberButton.swift */ = {isa = PBXFileReference; lastKnownFileType = sourcecode.swift; path = NumberButton.swift; sourceTree = "<group>"; };
		890EC50E231816EE0069C215 /* UITextFields+extensions.swift */ = {isa = PBXFileReference; lastKnownFileType = sourcecode.swift; path = "UITextFields+extensions.swift"; sourceTree = "<group>"; };
		892E7C6E233A2967005321F8 /* SubtractionsHelp+extensions.swift */ = {isa = PBXFileReference; lastKnownFileType = sourcecode.swift; path = "SubtractionsHelp+extensions.swift"; sourceTree = "<group>"; };
		892E7C70233A455D005321F8 /* AdditionsHelpModel.swift */ = {isa = PBXFileReference; lastKnownFileType = sourcecode.swift; path = AdditionsHelpModel.swift; sourceTree = "<group>"; };
		892E7C72233A466B005321F8 /* AdditionsHelp+extensions.swift */ = {isa = PBXFileReference; lastKnownFileType = sourcecode.swift; path = "AdditionsHelp+extensions.swift"; sourceTree = "<group>"; };
		893607D72331628A003CA353 /* CustomCollectionView.swift */ = {isa = PBXFileReference; lastKnownFileType = sourcecode.swift; path = CustomCollectionView.swift; sourceTree = "<group>"; };
		893607DA233229D4003CA353 /* CustomCollectionViewCell.swift */ = {isa = PBXFileReference; lastKnownFileType = sourcecode.swift; path = CustomCollectionViewCell.swift; sourceTree = "<group>"; };
		893607DB233229D4003CA353 /* CustomCollectionViewCell.xib */ = {isa = PBXFileReference; lastKnownFileType = file.xib; path = CustomCollectionViewCell.xib; sourceTree = "<group>"; };
		895B542922FDF8E700CFF65E /* Maths Genius.app */ = {isa = PBXFileReference; explicitFileType = wrapper.application; includeInIndex = 0; path = "Maths Genius.app"; sourceTree = BUILT_PRODUCTS_DIR; };
		895B542C22FDF8E700CFF65E /* AppDelegate.swift */ = {isa = PBXFileReference; lastKnownFileType = sourcecode.swift; path = AppDelegate.swift; sourceTree = "<group>"; };
		895B542E22FDF8E700CFF65E /* ViewController.swift */ = {isa = PBXFileReference; lastKnownFileType = sourcecode.swift; path = ViewController.swift; sourceTree = "<group>"; };
		895B543122FDF8E700CFF65E /* Base */ = {isa = PBXFileReference; lastKnownFileType = file.storyboard; name = Base; path = Base.lproj/Main.storyboard; sourceTree = "<group>"; };
		895B543422FDF8E700CFF65E /* Maths_Genius.xcdatamodel */ = {isa = PBXFileReference; lastKnownFileType = wrapper.xcdatamodel; path = Maths_Genius.xcdatamodel; sourceTree = "<group>"; };
		895B543622FDF8E900CFF65E /* Assets.xcassets */ = {isa = PBXFileReference; lastKnownFileType = folder.assetcatalog; path = Assets.xcassets; sourceTree = "<group>"; };
		895B543922FDF8E900CFF65E /* Base */ = {isa = PBXFileReference; lastKnownFileType = file.storyboard; name = Base; path = Base.lproj/LaunchScreen.storyboard; sourceTree = "<group>"; };
		895B543B22FDF8E900CFF65E /* Info.plist */ = {isa = PBXFileReference; lastKnownFileType = text.plist.xml; path = Info.plist; sourceTree = "<group>"; };
		895B546822FDFC1400CFF65E /* UIColor+extensions.swift */ = {isa = PBXFileReference; fileEncoding = 4; lastKnownFileType = sourcecode.swift; path = "UIColor+extensions.swift"; sourceTree = "<group>"; };
		895B546A22FDFE5300CFF65E /* MainFlowController.swift */ = {isa = PBXFileReference; lastKnownFileType = sourcecode.swift; path = MainFlowController.swift; sourceTree = "<group>"; };
		895B546C22FDFE6A00CFF65E /* MainFactory.swift */ = {isa = PBXFileReference; lastKnownFileType = sourcecode.swift; path = MainFactory.swift; sourceTree = "<group>"; };
		895B547222FDFF9200CFF65E /* NumberSelectionFlowController.swift */ = {isa = PBXFileReference; lastKnownFileType = sourcecode.swift; path = NumberSelectionFlowController.swift; sourceTree = "<group>"; };
		895B547422FDFFBA00CFF65E /* NumberSelectionFactory.swift */ = {isa = PBXFileReference; lastKnownFileType = sourcecode.swift; path = NumberSelectionFactory.swift; sourceTree = "<group>"; };
		895B547822FE022500CFF65E /* IntroductionTable.swift */ = {isa = PBXFileReference; lastKnownFileType = sourcecode.swift; path = IntroductionTable.swift; sourceTree = "<group>"; };
		895B548322FE07DB00CFF65E /* IntroductionCell.swift */ = {isa = PBXFileReference; lastKnownFileType = sourcecode.swift; path = IntroductionCell.swift; sourceTree = "<group>"; };
		895B548422FE07DB00CFF65E /* IntroductionCell.xib */ = {isa = PBXFileReference; lastKnownFileType = file.xib; path = IntroductionCell.xib; sourceTree = "<group>"; };
		895B548722FE0A0400CFF65E /* MainModel.swift */ = {isa = PBXFileReference; lastKnownFileType = sourcecode.swift; path = MainModel.swift; sourceTree = "<group>"; };
		895B548922FE191800CFF65E /* UIButton+extensions.swift */ = {isa = PBXFileReference; fileEncoding = 4; lastKnownFileType = sourcecode.swift; path = "UIButton+extensions.swift"; sourceTree = "<group>"; };
		895B548B22FE198200CFF65E /* UIView+extensions.swift */ = {isa = PBXFileReference; lastKnownFileType = sourcecode.swift; path = "UIView+extensions.swift"; sourceTree = "<group>"; };
		895B548F22FE222800CFF65E /* NumberSelection.storyboard */ = {isa = PBXFileReference; lastKnownFileType = file.storyboard; path = NumberSelection.storyboard; sourceTree = "<group>"; };
		895B549122FE223600CFF65E /* NumberSelectionViewController.swift */ = {isa = PBXFileReference; lastKnownFileType = sourcecode.swift; path = NumberSelectionViewController.swift; sourceTree = "<group>"; };
		895B549B2300B21400CFF65E /* NumberSelectionModel.swift */ = {isa = PBXFileReference; lastKnownFileType = sourcecode.swift; path = NumberSelectionModel.swift; sourceTree = "<group>"; };
		895B549D2300B22600CFF65E /* NumberSelectionViewModel.swift */ = {isa = PBXFileReference; lastKnownFileType = sourcecode.swift; path = NumberSelectionViewModel.swift; sourceTree = "<group>"; };
		895B54A32300BCB100CFF65E /* UILabels+extensions.swift */ = {isa = PBXFileReference; lastKnownFileType = sourcecode.swift; path = "UILabels+extensions.swift"; sourceTree = "<group>"; };
		896B167B23350F38002DF739 /* EquationViewModel.swift */ = {isa = PBXFileReference; lastKnownFileType = sourcecode.swift; path = EquationViewModel.swift; sourceTree = "<group>"; };
		896B167D23350F55002DF739 /* Equation.storyboard */ = {isa = PBXFileReference; lastKnownFileType = file.storyboard; path = Equation.storyboard; sourceTree = "<group>"; };
		896B167F23350F6D002DF739 /* EquationViewController.swift */ = {isa = PBXFileReference; lastKnownFileType = sourcecode.swift; path = EquationViewController.swift; sourceTree = "<group>"; };
		896B168123350F7D002DF739 /* EquationFlowController.swift */ = {isa = PBXFileReference; lastKnownFileType = sourcecode.swift; path = EquationFlowController.swift; sourceTree = "<group>"; };
		896B168323350F89002DF739 /* EquationFactory.swift */ = {isa = PBXFileReference; lastKnownFileType = sourcecode.swift; path = EquationFactory.swift; sourceTree = "<group>"; };
		896B168B233516CD002DF739 /* EquationHelpModel.swift */ = {isa = PBXFileReference; lastKnownFileType = sourcecode.swift; path = EquationHelpModel.swift; sourceTree = "<group>"; };
		896B168D233516E5002DF739 /* EquationHelpViewModel.swift */ = {isa = PBXFileReference; lastKnownFileType = sourcecode.swift; path = EquationHelpViewModel.swift; sourceTree = "<group>"; };
		896B168F23351707002DF739 /* EquationHelp.storyboard */ = {isa = PBXFileReference; lastKnownFileType = file.storyboard; path = EquationHelp.storyboard; sourceTree = "<group>"; };
		896B169123351728002DF739 /* EquationHelpViewController.swift */ = {isa = PBXFileReference; lastKnownFileType = sourcecode.swift; path = EquationHelpViewController.swift; sourceTree = "<group>"; };
		896B169323351743002DF739 /* EquationHelpFlowController.swift */ = {isa = PBXFileReference; lastKnownFileType = sourcecode.swift; path = EquationHelpFlowController.swift; sourceTree = "<group>"; };
		896B16952335175F002DF739 /* EquationHelpFactory.swift */ = {isa = PBXFileReference; lastKnownFileType = sourcecode.swift; path = EquationHelpFactory.swift; sourceTree = "<group>"; };
/* End PBXFileReference section */

/* Begin PBXFrameworksBuildPhase section */
		895B542622FDF8E700CFF65E /* Frameworks */ = {
			isa = PBXFrameworksBuildPhase;
			buildActionMask = 2147483647;
			files = (
			);
			runOnlyForDeploymentPostprocessing = 0;
		};
/* End PBXFrameworksBuildPhase section */

/* Begin PBXGroup section */
		8905825A23225B18004E26BA /* Custom Table Cell */ = {
			isa = PBXGroup;
			children = (
				8905825B23225B42004E26BA /* CustomTableCell.swift */,
				8905825C23225B42004E26BA /* CustomTableCell.xib */,
			);
			path = "Custom Table Cell";
			sourceTree = "<group>";
		};
		8905825F23227C9E004E26BA /* Unused */ = {
			isa = PBXGroup;
			children = (
				890DAA7F23193CFF005737A5 /* CascadingTable.swift */,
				890EC501230750C30069C215 /* NumberButton */,
				890EC4FC230743920069C215 /* Number Pad */,
				890DAA8123193D61005737A5 /* CascadingTableHeader */,
			);
			path = Unused;
			sourceTree = "<group>";
		};
		890DAA72231939D5005737A5 /* Help Screen */ = {
			isa = PBXGroup;
			children = (
				890DAA73231939F4005737A5 /* Model */,
				890DAA7723193A2C005737A5 /* View Model */,
				890DAA7623193A23005737A5 /* View Controller */,
				890DAA7523193A17005737A5 /* Flow Controller */,
				890DAA7423193A05005737A5 /* Factory */,
			);
			path = "Help Screen";
			sourceTree = "<group>";
		};
		890DAA73231939F4005737A5 /* Model */ = {
			isa = PBXGroup;
			children = (
				8905824123213ECC004E26BA /* HelpScreenModel.swift */,
			);
			path = Model;
			sourceTree = "<group>";
		};
		890DAA7423193A05005737A5 /* Factory */ = {
			isa = PBXGroup;
			children = (
				890DAA8C2319439B005737A5 /* HelpScreenFactory.swift */,
			);
			path = Factory;
			sourceTree = "<group>";
		};
		890DAA7523193A17005737A5 /* Flow Controller */ = {
			isa = PBXGroup;
			children = (
				890DAA8823194238005737A5 /* HelpScreenFlowController.swift */,
			);
			path = "Flow Controller";
			sourceTree = "<group>";
		};
		890DAA7623193A23005737A5 /* View Controller */ = {
			isa = PBXGroup;
			children = (
				890DAA7B23193A84005737A5 /* HelpScreenViewController.swift */,
				890DAA7923193A58005737A5 /* HelpScreen.storyboard */,
			);
			path = "View Controller";
			sourceTree = "<group>";
		};
		890DAA7723193A2C005737A5 /* View Model */ = {
			isa = PBXGroup;
			children = (
				890DAA8A231942D3005737A5 /* HelpScreenViewModel.swift */,
			);
			path = "View Model";
			sourceTree = "<group>";
		};
		890DAA8123193D61005737A5 /* CascadingTableHeader */ = {
			isa = PBXGroup;
			children = (
				890DAA8223193DE7005737A5 /* CascadingTableHeader.swift */,
				890DAA8423193DF2005737A5 /* CascadingTableHeader.xib */,
			);
			path = CascadingTableHeader;
			sourceTree = "<group>";
		};
		890EC4FC230743920069C215 /* Number Pad */ = {
			isa = PBXGroup;
			children = (
				890EC4FA230742EF0069C215 /* NumberPad.xib */,
			);
			path = "Number Pad";
			sourceTree = "<group>";
		};
		890EC501230750C30069C215 /* NumberButton */ = {
			isa = PBXGroup;
			children = (
				890EC508230759470069C215 /* NumberButton.xib */,
				890EC50C230759B60069C215 /* NumberButton.swift */,
			);
			path = NumberButton;
			sourceTree = "<group>";
		};
		892E7C6C233A292F005321F8 /* Additions Help */ = {
			isa = PBXGroup;
			children = (
				892E7C72233A466B005321F8 /* AdditionsHelp+extensions.swift */,
			);
			path = "Additions Help";
			sourceTree = "<group>";
		};
		892E7C6D233A293B005321F8 /* Subtractions Help */ = {
			isa = PBXGroup;
			children = (
				892E7C6E233A2967005321F8 /* SubtractionsHelp+extensions.swift */,
			);
			path = "Subtractions Help";
			sourceTree = "<group>";
		};
		893607D9233164F5003CA353 /* Custom CollectionView */ = {
			isa = PBXGroup;
			children = (
				893607D72331628A003CA353 /* CustomCollectionView.swift */,
				893607DB233229D4003CA353 /* CustomCollectionViewCell.xib */,
				893607DA233229D4003CA353 /* CustomCollectionViewCell.swift */,
			);
			path = "Custom CollectionView";
			sourceTree = "<group>";
		};
		895B542022FDF8E700CFF65E = {
			isa = PBXGroup;
			children = (
				895B542B22FDF8E700CFF65E /* Maths Genius */,
				895B542A22FDF8E700CFF65E /* Products */,
			);
			sourceTree = "<group>";
		};
		895B542A22FDF8E700CFF65E /* Products */ = {
			isa = PBXGroup;
			children = (
				895B542922FDF8E700CFF65E /* Maths Genius.app */,
			);
			name = Products;
			sourceTree = "<group>";
		};
		895B542B22FDF8E700CFF65E /* Maths Genius */ = {
			isa = PBXGroup;
			children = (
				895B544122FDF98500CFF65E /* Main Screen */,
				895B544522FDF9C300CFF65E /* Number Selection */,
				896B167623350EDD002DF739 /* Equation Screen */,
				890DAA72231939D5005737A5 /* Help Screen */,
				896B168523351663002DF739 /* Equation Help */,
				895B544422FDF9B700CFF65E /* Extensions */,
				895B544322FDF9AC00CFF65E /* Custom Views */,
				895B544222FDF99F00CFF65E /* Core Data */,
				8905825F23227C9E004E26BA /* Unused */,
				895B542C22FDF8E700CFF65E /* AppDelegate.swift */,
				895B543622FDF8E900CFF65E /* Assets.xcassets */,
				895B543822FDF8E900CFF65E /* LaunchScreen.storyboard */,
				895B543B22FDF8E900CFF65E /* Info.plist */,
			);
			path = "Maths Genius";
			sourceTree = "<group>";
		};
		895B544122FDF98500CFF65E /* Main Screen */ = {
			isa = PBXGroup;
			children = (
				895B544E22FDFA4A00CFF65E /* Model */,
				895B544D22FDFA3F00CFF65E /* View Model */,
				895B544C22FDFA2E00CFF65E /* View Controller */,
				895B544B22FDFA2500CFF65E /* Flow Controller */,
				895B544A22FDFA0900CFF65E /* Factory */,
			);
			path = "Main Screen";
			sourceTree = "<group>";
		};
		895B544222FDF99F00CFF65E /* Core Data */ = {
			isa = PBXGroup;
			children = (
				895B543322FDF8E700CFF65E /* Maths_Genius.xcdatamodeld */,
			);
			path = "Core Data";
			sourceTree = "<group>";
		};
		895B544322FDF9AC00CFF65E /* Custom Views */ = {
			isa = PBXGroup;
			children = (
				893607D9233164F5003CA353 /* Custom CollectionView */,
				8905825A23225B18004E26BA /* Custom Table Cell */,
				895B547822FE022500CFF65E /* IntroductionTable.swift */,
				895B547A22FE02BB00CFF65E /* Table View Cell */,
				8905825823225A3B004E26BA /* CustomTable.swift */,
			);
			path = "Custom Views";
			sourceTree = "<group>";
		};
		895B544422FDF9B700CFF65E /* Extensions */ = {
			isa = PBXGroup;
			children = (
				892E7C6D233A293B005321F8 /* Subtractions Help */,
				892E7C6C233A292F005321F8 /* Additions Help */,
				895B548922FE191800CFF65E /* UIButton+extensions.swift */,
				895B546822FDFC1400CFF65E /* UIColor+extensions.swift */,
				895B548B22FE198200CFF65E /* UIView+extensions.swift */,
				895B54A32300BCB100CFF65E /* UILabels+extensions.swift */,
				890EC50E231816EE0069C215 /* UITextFields+extensions.swift */,
				890DAA702319364F005737A5 /* UIViewController+extensions.swift */,
				890DAA862319419C005737A5 /* UITableView+extensions.swift */,
				8904087123268EA50030FDC6 /* BianaryInteger+extensions.swift */,
				89040873232692D20030FDC6 /* String+extensions.swift */,
				8904087523291C880030FDC6 /* Array+extensions.swift */,
			);
			path = Extensions;
			sourceTree = "<group>";
		};
		895B544522FDF9C300CFF65E /* Number Selection */ = {
			isa = PBXGroup;
			children = (
				895B546422FDFBAA00CFF65E /* Model */,
				895B546622FDFBAA00CFF65E /* View Model */,
				895B546522FDFBAA00CFF65E /* View Controller */,
				895B546722FDFBAA00CFF65E /* Flow Controller */,
				895B546322FDFBAA00CFF65E /* Factory */,
			);
			path = "Number Selection";
			sourceTree = "<group>";
		};
		895B544A22FDFA0900CFF65E /* Factory */ = {
			isa = PBXGroup;
			children = (
				895B546C22FDFE6A00CFF65E /* MainFactory.swift */,
			);
			path = Factory;
			sourceTree = "<group>";
		};
		895B544B22FDFA2500CFF65E /* Flow Controller */ = {
			isa = PBXGroup;
			children = (
				895B546A22FDFE5300CFF65E /* MainFlowController.swift */,
			);
			path = "Flow Controller";
			sourceTree = "<group>";
		};
		895B544C22FDFA2E00CFF65E /* View Controller */ = {
			isa = PBXGroup;
			children = (
				895B542E22FDF8E700CFF65E /* ViewController.swift */,
				895B543022FDF8E700CFF65E /* Main.storyboard */,
			);
			path = "View Controller";
			sourceTree = "<group>";
		};
		895B544D22FDFA3F00CFF65E /* View Model */ = {
			isa = PBXGroup;
			children = (
			);
			path = "View Model";
			sourceTree = "<group>";
		};
		895B544E22FDFA4A00CFF65E /* Model */ = {
			isa = PBXGroup;
			children = (
				895B548722FE0A0400CFF65E /* MainModel.swift */,
			);
			path = Model;
			sourceTree = "<group>";
		};
		895B546322FDFBAA00CFF65E /* Factory */ = {
			isa = PBXGroup;
			children = (
				895B547422FDFFBA00CFF65E /* NumberSelectionFactory.swift */,
			);
			path = Factory;
			sourceTree = "<group>";
		};
		895B546422FDFBAA00CFF65E /* Model */ = {
			isa = PBXGroup;
			children = (
				895B549B2300B21400CFF65E /* NumberSelectionModel.swift */,
			);
			path = Model;
			sourceTree = "<group>";
		};
		895B546522FDFBAA00CFF65E /* View Controller */ = {
			isa = PBXGroup;
			children = (
				895B548F22FE222800CFF65E /* NumberSelection.storyboard */,
				895B549122FE223600CFF65E /* NumberSelectionViewController.swift */,
			);
			path = "View Controller";
			sourceTree = "<group>";
		};
		895B546622FDFBAA00CFF65E /* View Model */ = {
			isa = PBXGroup;
			children = (
				895B549D2300B22600CFF65E /* NumberSelectionViewModel.swift */,
			);
			path = "View Model";
			sourceTree = "<group>";
		};
		895B546722FDFBAA00CFF65E /* Flow Controller */ = {
			isa = PBXGroup;
			children = (
				895B547222FDFF9200CFF65E /* NumberSelectionFlowController.swift */,
			);
			path = "Flow Controller";
			sourceTree = "<group>";
		};
		895B547A22FE02BB00CFF65E /* Table View Cell */ = {
			isa = PBXGroup;
			children = (
				895B548322FE07DB00CFF65E /* IntroductionCell.swift */,
				895B548422FE07DB00CFF65E /* IntroductionCell.xib */,
			);
			path = "Table View Cell";
			sourceTree = "<group>";
		};
		896B167623350EDD002DF739 /* Equation Screen */ = {
			isa = PBXGroup;
			children = (
				896B167723350F03002DF739 /* View Model */,
				896B167A23350F1E002DF739 /* View Controller */,
				896B167923350F15002DF739 /* Flow Controller */,
				896B167823350F0C002DF739 /* Factory */,
			);
			path = "Equation Screen";
			sourceTree = "<group>";
		};
		896B167723350F03002DF739 /* View Model */ = {
			isa = PBXGroup;
			children = (
				896B167B23350F38002DF739 /* EquationViewModel.swift */,
			);
			path = "View Model";
			sourceTree = "<group>";
		};
		896B167823350F0C002DF739 /* Factory */ = {
			isa = PBXGroup;
			children = (
				896B168323350F89002DF739 /* EquationFactory.swift */,
			);
			path = Factory;
			sourceTree = "<group>";
		};
		896B167923350F15002DF739 /* Flow Controller */ = {
			isa = PBXGroup;
			children = (
				896B168123350F7D002DF739 /* EquationFlowController.swift */,
			);
			path = "Flow Controller";
			sourceTree = "<group>";
		};
		896B167A23350F1E002DF739 /* View Controller */ = {
			isa = PBXGroup;
			children = (
				896B167D23350F55002DF739 /* Equation.storyboard */,
				896B167F23350F6D002DF739 /* EquationViewController.swift */,
			);
			path = "View Controller";
			sourceTree = "<group>";
		};
		896B168523351663002DF739 /* Equation Help */ = {
			isa = PBXGroup;
			children = (
				896B168A233516B9002DF739 /* View */,
				896B1689233516B2002DF739 /* View Model */,
				896B1688233516A9002DF739 /* View Controller */,
				896B1687233516A0002DF739 /* Flow Controller */,
				896B168623351697002DF739 /* Factory */,
			);
			path = "Equation Help";
			sourceTree = "<group>";
		};
		896B168623351697002DF739 /* Factory */ = {
			isa = PBXGroup;
			children = (
				896B16952335175F002DF739 /* EquationHelpFactory.swift */,
			);
			path = Factory;
			sourceTree = "<group>";
		};
		896B1687233516A0002DF739 /* Flow Controller */ = {
			isa = PBXGroup;
			children = (
				896B169323351743002DF739 /* EquationHelpFlowController.swift */,
			);
			path = "Flow Controller";
			sourceTree = "<group>";
		};
		896B1688233516A9002DF739 /* View Controller */ = {
			isa = PBXGroup;
			children = (
				896B168F23351707002DF739 /* EquationHelp.storyboard */,
				896B169123351728002DF739 /* EquationHelpViewController.swift */,
			);
			path = "View Controller";
			sourceTree = "<group>";
		};
		896B1689233516B2002DF739 /* View Model */ = {
			isa = PBXGroup;
			children = (
				896B168D233516E5002DF739 /* EquationHelpViewModel.swift */,
			);
			path = "View Model";
			sourceTree = "<group>";
		};
		896B168A233516B9002DF739 /* View */ = {
			isa = PBXGroup;
			children = (
				896B168B233516CD002DF739 /* EquationHelpModel.swift */,
				892E7C70233A455D005321F8 /* AdditionsHelpModel.swift */,
			);
			path = View;
			sourceTree = "<group>";
		};
/* End PBXGroup section */

/* Begin PBXNativeTarget section */
		895B542822FDF8E700CFF65E /* Maths Genius */ = {
			isa = PBXNativeTarget;
			buildConfigurationList = 895B543E22FDF8E900CFF65E /* Build configuration list for PBXNativeTarget "Maths Genius" */;
			buildPhases = (
				895B542522FDF8E700CFF65E /* Sources */,
				895B542622FDF8E700CFF65E /* Frameworks */,
				895B542722FDF8E700CFF65E /* Resources */,
			);
			buildRules = (
			);
			dependencies = (
			);
			name = "Maths Genius";
			productName = "Maths Genius";
			productReference = 895B542922FDF8E700CFF65E /* Maths Genius.app */;
			productType = "com.apple.product-type.application";
		};
/* End PBXNativeTarget section */

/* Begin PBXProject section */
		895B542122FDF8E700CFF65E /* Project object */ = {
			isa = PBXProject;
			attributes = {
				LastSwiftUpdateCheck = 1030;
				LastUpgradeCheck = 1030;
				ORGANIZATIONNAME = "Carl Wainwright";
				TargetAttributes = {
					895B542822FDF8E700CFF65E = {
						CreatedOnToolsVersion = 10.3;
					};
				};
			};
			buildConfigurationList = 895B542422FDF8E700CFF65E /* Build configuration list for PBXProject "Maths Genius" */;
			compatibilityVersion = "Xcode 9.3";
			developmentRegion = en;
			hasScannedForEncodings = 0;
			knownRegions = (
				en,
				Base,
			);
			mainGroup = 895B542022FDF8E700CFF65E;
			productRefGroup = 895B542A22FDF8E700CFF65E /* Products */;
			projectDirPath = "";
			projectRoot = "";
			targets = (
				895B542822FDF8E700CFF65E /* Maths Genius */,
			);
		};
/* End PBXProject section */

/* Begin PBXResourcesBuildPhase section */
		895B542722FDF8E700CFF65E /* Resources */ = {
			isa = PBXResourcesBuildPhase;
			buildActionMask = 2147483647;
			files = (
				895B549022FE222800CFF65E /* NumberSelection.storyboard in Resources */,
				896B167E23350F55002DF739 /* Equation.storyboard in Resources */,
				895B543A22FDF8E900CFF65E /* LaunchScreen.storyboard in Resources */,
				8905825E23225B42004E26BA /* CustomTableCell.xib in Resources */,
				895B543722FDF8E900CFF65E /* Assets.xcassets in Resources */,
				890DAA7A23193A58005737A5 /* HelpScreen.storyboard in Resources */,
				890EC4FB230742EF0069C215 /* NumberPad.xib in Resources */,
				895B548622FE07DB00CFF65E /* IntroductionCell.xib in Resources */,
				890EC509230759470069C215 /* NumberButton.xib in Resources */,
				895B543222FDF8E700CFF65E /* Main.storyboard in Resources */,
				896B169023351707002DF739 /* EquationHelp.storyboard in Resources */,
				890DAA8523193DF2005737A5 /* CascadingTableHeader.xib in Resources */,
				893607DD233229D4003CA353 /* CustomCollectionViewCell.xib in Resources */,
			);
			runOnlyForDeploymentPostprocessing = 0;
		};
/* End PBXResourcesBuildPhase section */

/* Begin PBXSourcesBuildPhase section */
		895B542522FDF8E700CFF65E /* Sources */ = {
			isa = PBXSourcesBuildPhase;
			buildActionMask = 2147483647;
			files = (
				895B542F22FDF8E700CFF65E /* ViewController.swift in Sources */,
				895B548822FE0A0400CFF65E /* MainModel.swift in Sources */,
				896B168C233516CD002DF739 /* EquationHelpModel.swift in Sources */,
				893607D82331628A003CA353 /* CustomCollectionView.swift in Sources */,
				8904087623291C880030FDC6 /* Array+extensions.swift in Sources */,
				8905825923225A3B004E26BA /* CustomTable.swift in Sources */,
				896B169223351728002DF739 /* EquationHelpViewController.swift in Sources */,
				895B546D22FDFE6A00CFF65E /* MainFactory.swift in Sources */,
				890DAA712319364F005737A5 /* UIViewController+extensions.swift in Sources */,
				896B168423350F89002DF739 /* EquationFactory.swift in Sources */,
				892E7C71233A455D005321F8 /* AdditionsHelpModel.swift in Sources */,
				895B543522FDF8E700CFF65E /* Maths_Genius.xcdatamodeld in Sources */,
				8905825D23225B42004E26BA /* CustomTableCell.swift in Sources */,
				89040874232692D20030FDC6 /* String+extensions.swift in Sources */,
				895B547922FE022500CFF65E /* IntroductionTable.swift in Sources */,
				896B169423351743002DF739 /* EquationHelpFlowController.swift in Sources */,
				890DAA8B231942D3005737A5 /* HelpScreenViewModel.swift in Sources */,
				895B549222FE223600CFF65E /* NumberSelectionViewController.swift in Sources */,
				892E7C73233A466B005321F8 /* AdditionsHelp+extensions.swift in Sources */,
				895B548C22FE198200CFF65E /* UIView+extensions.swift in Sources */,
				890DAA8D2319439B005737A5 /* HelpScreenFactory.swift in Sources */,
				890DAA8323193DE7005737A5 /* CascadingTableHeader.swift in Sources */,
				895B549C2300B21400CFF65E /* NumberSelectionModel.swift in Sources */,
				896B168E233516E5002DF739 /* EquationHelpViewModel.swift in Sources */,
				893607DC233229D4003CA353 /* CustomCollectionViewCell.swift in Sources */,
				8904087223268EA50030FDC6 /* BianaryInteger+extensions.swift in Sources */,
				896B168023350F6D002DF739 /* EquationViewController.swift in Sources */,
				896B167C23350F38002DF739 /* EquationViewModel.swift in Sources */,
				896B16962335175F002DF739 /* EquationHelpFactory.swift in Sources */,
				8905824223213ECC004E26BA /* HelpScreenModel.swift in Sources */,
				895B549E2300B22600CFF65E /* NumberSelectionViewModel.swift in Sources */,
				890EC50F231816EE0069C215 /* UITextFields+extensions.swift in Sources */,
				895B542D22FDF8E700CFF65E /* AppDelegate.swift in Sources */,
				895B548A22FE191800CFF65E /* UIButton+extensions.swift in Sources */,
				895B547522FDFFBA00CFF65E /* NumberSelectionFactory.swift in Sources */,
				895B548522FE07DB00CFF65E /* IntroductionCell.swift in Sources */,
				890DAA8023193CFF005737A5 /* CascadingTable.swift in Sources */,
				890EC50D230759B60069C215 /* NumberButton.swift in Sources */,
				892E7C6F233A2967005321F8 /* SubtractionsHelp+extensions.swift in Sources */,
				895B546B22FDFE5300CFF65E /* MainFlowController.swift in Sources */,
				896B168223350F7D002DF739 /* EquationFlowController.swift in Sources */,
				890DAA872319419C005737A5 /* UITableView+extensions.swift in Sources */,
				895B546922FDFC1400CFF65E /* UIColor+extensions.swift in Sources */,
				890DAA8923194238005737A5 /* HelpScreenFlowController.swift in Sources */,
				895B54A42300BCB100CFF65E /* UILabels+extensions.swift in Sources */,
				895B547322FDFF9200CFF65E /* NumberSelectionFlowController.swift in Sources */,
				890DAA7D23193A84005737A5 /* HelpScreenViewController.swift in Sources */,
			);
			runOnlyForDeploymentPostprocessing = 0;
		};
/* End PBXSourcesBuildPhase section */

/* Begin PBXVariantGroup section */
		895B543022FDF8E700CFF65E /* Main.storyboard */ = {
			isa = PBXVariantGroup;
			children = (
				895B543122FDF8E700CFF65E /* Base */,
			);
			name = Main.storyboard;
			sourceTree = "<group>";
		};
		895B543822FDF8E900CFF65E /* LaunchScreen.storyboard */ = {
			isa = PBXVariantGroup;
			children = (
				895B543922FDF8E900CFF65E /* Base */,
			);
			name = LaunchScreen.storyboard;
			sourceTree = "<group>";
		};
/* End PBXVariantGroup section */

/* Begin XCBuildConfiguration section */
		895B543C22FDF8E900CFF65E /* Debug */ = {
			isa = XCBuildConfiguration;
			buildSettings = {
				ALWAYS_SEARCH_USER_PATHS = NO;
				CLANG_ANALYZER_NONNULL = YES;
				CLANG_ANALYZER_NUMBER_OBJECT_CONVERSION = YES_AGGRESSIVE;
				CLANG_CXX_LANGUAGE_STANDARD = "gnu++14";
				CLANG_CXX_LIBRARY = "libc++";
				CLANG_ENABLE_MODULES = YES;
				CLANG_ENABLE_OBJC_ARC = YES;
				CLANG_ENABLE_OBJC_WEAK = YES;
				CLANG_WARN_BLOCK_CAPTURE_AUTORELEASING = YES;
				CLANG_WARN_BOOL_CONVERSION = YES;
				CLANG_WARN_COMMA = YES;
				CLANG_WARN_CONSTANT_CONVERSION = YES;
				CLANG_WARN_DEPRECATED_OBJC_IMPLEMENTATIONS = YES;
				CLANG_WARN_DIRECT_OBJC_ISA_USAGE = YES_ERROR;
				CLANG_WARN_DOCUMENTATION_COMMENTS = YES;
				CLANG_WARN_EMPTY_BODY = YES;
				CLANG_WARN_ENUM_CONVERSION = YES;
				CLANG_WARN_INFINITE_RECURSION = YES;
				CLANG_WARN_INT_CONVERSION = YES;
				CLANG_WARN_NON_LITERAL_NULL_CONVERSION = YES;
				CLANG_WARN_OBJC_IMPLICIT_RETAIN_SELF = YES;
				CLANG_WARN_OBJC_LITERAL_CONVERSION = YES;
				CLANG_WARN_OBJC_ROOT_CLASS = YES_ERROR;
				CLANG_WARN_RANGE_LOOP_ANALYSIS = YES;
				CLANG_WARN_STRICT_PROTOTYPES = YES;
				CLANG_WARN_SUSPICIOUS_MOVE = YES;
				CLANG_WARN_UNGUARDED_AVAILABILITY = YES_AGGRESSIVE;
				CLANG_WARN_UNREACHABLE_CODE = YES;
				CLANG_WARN__DUPLICATE_METHOD_MATCH = YES;
				CODE_SIGN_IDENTITY = "iPhone Developer";
				COPY_PHASE_STRIP = NO;
				DEBUG_INFORMATION_FORMAT = dwarf;
				ENABLE_STRICT_OBJC_MSGSEND = YES;
				ENABLE_TESTABILITY = YES;
				GCC_C_LANGUAGE_STANDARD = gnu11;
				GCC_DYNAMIC_NO_PIC = NO;
				GCC_NO_COMMON_BLOCKS = YES;
				GCC_OPTIMIZATION_LEVEL = 0;
				GCC_PREPROCESSOR_DEFINITIONS = (
					"DEBUG=1",
					"$(inherited)",
				);
				GCC_WARN_64_TO_32_BIT_CONVERSION = YES;
				GCC_WARN_ABOUT_RETURN_TYPE = YES_ERROR;
				GCC_WARN_UNDECLARED_SELECTOR = YES;
				GCC_WARN_UNINITIALIZED_AUTOS = YES_AGGRESSIVE;
				GCC_WARN_UNUSED_FUNCTION = YES;
				GCC_WARN_UNUSED_VARIABLE = YES;
				IPHONEOS_DEPLOYMENT_TARGET = 12.4;
				MTL_ENABLE_DEBUG_INFO = INCLUDE_SOURCE;
				MTL_FAST_MATH = YES;
				ONLY_ACTIVE_ARCH = YES;
				SDKROOT = iphoneos;
				SWIFT_ACTIVE_COMPILATION_CONDITIONS = DEBUG;
				SWIFT_OPTIMIZATION_LEVEL = "-Onone";
			};
			name = Debug;
		};
		895B543D22FDF8E900CFF65E /* Release */ = {
			isa = XCBuildConfiguration;
			buildSettings = {
				ALWAYS_SEARCH_USER_PATHS = NO;
				CLANG_ANALYZER_NONNULL = YES;
				CLANG_ANALYZER_NUMBER_OBJECT_CONVERSION = YES_AGGRESSIVE;
				CLANG_CXX_LANGUAGE_STANDARD = "gnu++14";
				CLANG_CXX_LIBRARY = "libc++";
				CLANG_ENABLE_MODULES = YES;
				CLANG_ENABLE_OBJC_ARC = YES;
				CLANG_ENABLE_OBJC_WEAK = YES;
				CLANG_WARN_BLOCK_CAPTURE_AUTORELEASING = YES;
				CLANG_WARN_BOOL_CONVERSION = YES;
				CLANG_WARN_COMMA = YES;
				CLANG_WARN_CONSTANT_CONVERSION = YES;
				CLANG_WARN_DEPRECATED_OBJC_IMPLEMENTATIONS = YES;
				CLANG_WARN_DIRECT_OBJC_ISA_USAGE = YES_ERROR;
				CLANG_WARN_DOCUMENTATION_COMMENTS = YES;
				CLANG_WARN_EMPTY_BODY = YES;
				CLANG_WARN_ENUM_CONVERSION = YES;
				CLANG_WARN_INFINITE_RECURSION = YES;
				CLANG_WARN_INT_CONVERSION = YES;
				CLANG_WARN_NON_LITERAL_NULL_CONVERSION = YES;
				CLANG_WARN_OBJC_IMPLICIT_RETAIN_SELF = YES;
				CLANG_WARN_OBJC_LITERAL_CONVERSION = YES;
				CLANG_WARN_OBJC_ROOT_CLASS = YES_ERROR;
				CLANG_WARN_RANGE_LOOP_ANALYSIS = YES;
				CLANG_WARN_STRICT_PROTOTYPES = YES;
				CLANG_WARN_SUSPICIOUS_MOVE = YES;
				CLANG_WARN_UNGUARDED_AVAILABILITY = YES_AGGRESSIVE;
				CLANG_WARN_UNREACHABLE_CODE = YES;
				CLANG_WARN__DUPLICATE_METHOD_MATCH = YES;
				CODE_SIGN_IDENTITY = "iPhone Developer";
				COPY_PHASE_STRIP = NO;
				DEBUG_INFORMATION_FORMAT = "dwarf-with-dsym";
				ENABLE_NS_ASSERTIONS = NO;
				ENABLE_STRICT_OBJC_MSGSEND = YES;
				GCC_C_LANGUAGE_STANDARD = gnu11;
				GCC_NO_COMMON_BLOCKS = YES;
				GCC_WARN_64_TO_32_BIT_CONVERSION = YES;
				GCC_WARN_ABOUT_RETURN_TYPE = YES_ERROR;
				GCC_WARN_UNDECLARED_SELECTOR = YES;
				GCC_WARN_UNINITIALIZED_AUTOS = YES_AGGRESSIVE;
				GCC_WARN_UNUSED_FUNCTION = YES;
				GCC_WARN_UNUSED_VARIABLE = YES;
				IPHONEOS_DEPLOYMENT_TARGET = 12.4;
				MTL_ENABLE_DEBUG_INFO = NO;
				MTL_FAST_MATH = YES;
				SDKROOT = iphoneos;
				SWIFT_COMPILATION_MODE = wholemodule;
				SWIFT_OPTIMIZATION_LEVEL = "-O";
				VALIDATE_PRODUCT = YES;
			};
			name = Release;
		};
		895B543F22FDF8E900CFF65E /* Debug */ = {
			isa = XCBuildConfiguration;
			buildSettings = {
				ASSETCATALOG_COMPILER_APPICON_NAME = AppIcon;
				CODE_SIGN_STYLE = Automatic;
				DEVELOPMENT_TEAM = 2428X38UTQ;
				INFOPLIST_FILE = "Maths Genius/Info.plist";
				LD_RUNPATH_SEARCH_PATHS = (
					"$(inherited)",
					"@executable_path/Frameworks",
				);
				PRODUCT_BUNDLE_IDENTIFIER = "com.carlwainwright.Maths-Genius";
				PRODUCT_NAME = "$(TARGET_NAME)";
				SWIFT_VERSION = 5.0;
				TARGETED_DEVICE_FAMILY = "1,2";
			};
			name = Debug;
		};
		895B544022FDF8E900CFF65E /* Release */ = {
			isa = XCBuildConfiguration;
			buildSettings = {
				ASSETCATALOG_COMPILER_APPICON_NAME = AppIcon;
				CODE_SIGN_STYLE = Automatic;
				DEVELOPMENT_TEAM = 2428X38UTQ;
				INFOPLIST_FILE = "Maths Genius/Info.plist";
				LD_RUNPATH_SEARCH_PATHS = (
					"$(inherited)",
					"@executable_path/Frameworks",
				);
				PRODUCT_BUNDLE_IDENTIFIER = "com.carlwainwright.Maths-Genius";
				PRODUCT_NAME = "$(TARGET_NAME)";
				SWIFT_VERSION = 5.0;
				TARGETED_DEVICE_FAMILY = "1,2";
			};
			name = Release;
		};
/* End XCBuildConfiguration section */

/* Begin XCConfigurationList section */
		895B542422FDF8E700CFF65E /* Build configuration list for PBXProject "Maths Genius" */ = {
			isa = XCConfigurationList;
			buildConfigurations = (
				895B543C22FDF8E900CFF65E /* Debug */,
				895B543D22FDF8E900CFF65E /* Release */,
			);
			defaultConfigurationIsVisible = 0;
			defaultConfigurationName = Release;
		};
		895B543E22FDF8E900CFF65E /* Build configuration list for PBXNativeTarget "Maths Genius" */ = {
			isa = XCConfigurationList;
			buildConfigurations = (
				895B543F22FDF8E900CFF65E /* Debug */,
				895B544022FDF8E900CFF65E /* Release */,
			);
			defaultConfigurationIsVisible = 0;
			defaultConfigurationName = Release;
		};
/* End XCConfigurationList section */

/* Begin XCVersionGroup section */
		895B543322FDF8E700CFF65E /* Maths_Genius.xcdatamodeld */ = {
			isa = XCVersionGroup;
			children = (
				895B543422FDF8E700CFF65E /* Maths_Genius.xcdatamodel */,
			);
			currentVersion = 895B543422FDF8E700CFF65E /* Maths_Genius.xcdatamodel */;
			path = Maths_Genius.xcdatamodeld;
			sourceTree = "<group>";
			versionGroupType = wrapper.xcdatamodel;
		};
/* End XCVersionGroup section */
	};
	rootObject = 895B542122FDF8E700CFF65E /* Project object */;
}
